// !$*UTF8*$!
{
	archiveVersion = 1;
	classes = {
	};
	objectVersion = 47;
	objects = {

/* Begin PBXBuildFile section */
		EC1FE8EA1B6BE20C00112BB0 /* Array.swift in Sources */ = {isa = PBXBuildFile; fileRef = EC1FE8E11B6BE20C00112BB0 /* Array.swift */; };
		EC1FE8EB1B6BE20C00112BB0 /* Character.swift in Sources */ = {isa = PBXBuildFile; fileRef = EC1FE8E21B6BE20C00112BB0 /* Character.swift */; };
		EC1FE8EC1B6BE20C00112BB0 /* CollectionType.swift in Sources */ = {isa = PBXBuildFile; fileRef = EC1FE8E31B6BE20C00112BB0 /* CollectionType.swift */; };
		EC1FE8ED1B6BE20C00112BB0 /* Dictionary.swift in Sources */ = {isa = PBXBuildFile; fileRef = EC1FE8E41B6BE20C00112BB0 /* Dictionary.swift */; };
		EC1FE8EE1B6BE20C00112BB0 /* Int.swift in Sources */ = {isa = PBXBuildFile; fileRef = EC1FE8E51B6BE20C00112BB0 /* Int.swift */; };
		EC1FE8EF1B6BE20C00112BB0 /* Optional.swift in Sources */ = {isa = PBXBuildFile; fileRef = EC1FE8E61B6BE20C00112BB0 /* Optional.swift */; };
		EC1FE8F01B6BE20C00112BB0 /* Process.swift in Sources */ = {isa = PBXBuildFile; fileRef = EC1FE8E71B6BE20C00112BB0 /* Process.swift */; };
		EC1FE8F11B6BE20C00112BB0 /* SequenceType.swift in Sources */ = {isa = PBXBuildFile; fileRef = EC1FE8E81B6BE20C00112BB0 /* SequenceType.swift */; };
		EC1FE8F21B6BE20C00112BB0 /* String.swift in Sources */ = {isa = PBXBuildFile; fileRef = EC1FE8E91B6BE20C00112BB0 /* String.swift */; };
		EC1FE8F41B6BE31200112BB0 /* Emit.swift in Sources */ = {isa = PBXBuildFile; fileRef = EC1FE8F31B6BE31200112BB0 /* Emit.swift */; };
		EC49BCFB1B750C3200660AF0 /* check.swift in Sources */ = {isa = PBXBuildFile; fileRef = EC49BCFA1B750C3200660AF0 /* check.swift */; };
		EC49BD3F1B7565E700660AF0 /* ArithmeticType.swift in Sources */ = {isa = PBXBuildFile; fileRef = EC49BD3E1B7565E700660AF0 /* ArithmeticType.swift */; };
		EC5BDF1E1B7A40EC00054159 /* Form.swift in Sources */ = {isa = PBXBuildFile; fileRef = EC5BDF1D1B7A40EC00054159 /* Form.swift */; };
		EC6523901B7BD2BF00CAA454 /* Acc.swift in Sources */ = {isa = PBXBuildFile; fileRef = EC6523781B7BD2BF00CAA454 /* Acc.swift */; };
		EC6523911B7BD2BF00CAA454 /* Alias.swift in Sources */ = {isa = PBXBuildFile; fileRef = EC6523791B7BD2BF00CAA454 /* Alias.swift */; };
		EC6523921B7BD2BF00CAA454 /* Ann.swift in Sources */ = {isa = PBXBuildFile; fileRef = EC65237A1B7BD2BF00CAA454 /* Ann.swift */; };
		EC6523931B7BD2BF00CAA454 /* Bind.swift in Sources */ = {isa = PBXBuildFile; fileRef = EC65237B1B7BD2BF00CAA454 /* Bind.swift */; };
		EC6523941B7BD2BF00CAA454 /* Call.swift in Sources */ = {isa = PBXBuildFile; fileRef = EC65237C1B7BD2BF00CAA454 /* Call.swift */; };
		EC6523951B7BD2BF00CAA454 /* Case.swift in Sources */ = {isa = PBXBuildFile; fileRef = EC65237D1B7BD2BF00CAA454 /* Case.swift */; };
		EC6523961B7BD2BF00CAA454 /* Cmpd.swift in Sources */ = {isa = PBXBuildFile; fileRef = EC65237E1B7BD2BF00CAA454 /* Cmpd.swift */; };
		EC6523971B7BD2BF00CAA454 /* CmpdExpand.swift in Sources */ = {isa = PBXBuildFile; fileRef = EC65237F1B7BD2BF00CAA454 /* CmpdExpand.swift */; };
		EC6523981B7BD2BF00CAA454 /* CmpdType.swift in Sources */ = {isa = PBXBuildFile; fileRef = EC6523801B7BD2BF00CAA454 /* CmpdType.swift */; };
		EC6523991B7BD2BF00CAA454 /* Do.swift in Sources */ = {isa = PBXBuildFile; fileRef = EC6523811B7BD2BF00CAA454 /* Do.swift */; };
		EC65239A1B7BD2BF00CAA454 /* Enum.swift in Sources */ = {isa = PBXBuildFile; fileRef = EC6523821B7BD2BF00CAA454 /* Enum.swift */; };
		EC65239B1B7BD2BF00CAA454 /* Fn.swift in Sources */ = {isa = PBXBuildFile; fileRef = EC6523831B7BD2BF00CAA454 /* Fn.swift */; };
		EC65239C1B7BD2BF00CAA454 /* HostVal.swift in Sources */ = {isa = PBXBuildFile; fileRef = EC6523841B7BD2BF00CAA454 /* HostVal.swift */; };
		EC65239D1B7BD2BF00CAA454 /* If.swift in Sources */ = {isa = PBXBuildFile; fileRef = EC6523851B7BD2BF00CAA454 /* If.swift */; };
		EC65239E1B7BD2BF00CAA454 /* In.swift in Sources */ = {isa = PBXBuildFile; fileRef = EC6523861B7BD2BF00CAA454 /* In.swift */; };
		EC65239F1B7BD2BF00CAA454 /* LitNum.swift in Sources */ = {isa = PBXBuildFile; fileRef = EC6523871B7BD2BF00CAA454 /* LitNum.swift */; };
		EC6523A01B7BD2BF00CAA454 /* LitStr.swift in Sources */ = {isa = PBXBuildFile; fileRef = EC6523881B7BD2BF00CAA454 /* LitStr.swift */; };
		EC6523A11B7BD2BF00CAA454 /* Par.swift in Sources */ = {isa = PBXBuildFile; fileRef = EC6523891B7BD2BF00CAA454 /* Par.swift */; };
		EC6523A21B7BD2BF00CAA454 /* Pub.swift in Sources */ = {isa = PBXBuildFile; fileRef = EC65238A1B7BD2BF00CAA454 /* Pub.swift */; };
		EC6523A31B7BD2BF00CAA454 /* Reify.swift in Sources */ = {isa = PBXBuildFile; fileRef = EC65238B1B7BD2BF00CAA454 /* Reify.swift */; };
		EC6523A41B7BD2BF00CAA454 /* Scoped.swift in Sources */ = {isa = PBXBuildFile; fileRef = EC65238C1B7BD2BF00CAA454 /* Scoped.swift */; };
		EC6523A51B7BD2BF00CAA454 /* Sig.swift in Sources */ = {isa = PBXBuildFile; fileRef = EC65238D1B7BD2BF00CAA454 /* Sig.swift */; };
		EC6523A61B7BD2BF00CAA454 /* Struct.swift in Sources */ = {isa = PBXBuildFile; fileRef = EC65238E1B7BD2BF00CAA454 /* Struct.swift */; };
		EC6523A71B7BD2BF00CAA454 /* Sym.swift in Sources */ = {isa = PBXBuildFile; fileRef = EC65238F1B7BD2BF00CAA454 /* Sym.swift */; };
		EC8E68981B6986F00080F316 /* Pos.swift in Sources */ = {isa = PBXBuildFile; fileRef = EC8E68971B6986F00080F316 /* Pos.swift */; };
		EC8E689A1B698B660080F316 /* Src.swift in Sources */ = {isa = PBXBuildFile; fileRef = EC8E68991B698B660080F316 /* Src.swift */; };
		EC8E689C1B698C110080F316 /* Syn.swift in Sources */ = {isa = PBXBuildFile; fileRef = EC8E689B1B698C110080F316 /* Syn.swift */; };
		EC98DE811B7E23B500557D35 /* Scope.swift in Sources */ = {isa = PBXBuildFile; fileRef = EC98DE801B7E23B500557D35 /* Scope.swift */; };
		EC98DE831B7E277D00557D35 /* OutputStreamType.swift in Sources */ = {isa = PBXBuildFile; fileRef = EC98DE821B7E277D00557D35 /* OutputStreamType.swift */; };
		EC98DE851B7E848E00557D35 /* TypeVal.swift in Sources */ = {isa = PBXBuildFile; fileRef = EC98DE841B7E848E00557D35 /* TypeVal.swift */; };
		ECAE89171B693B46002AE9B9 /* main.swift in Sources */ = {isa = PBXBuildFile; fileRef = ECAE89161B693B46002AE9B9 /* main.swift */; };
		ECB639831B83CA3600138A8C /* fs.swift in Sources */ = {isa = PBXBuildFile; fileRef = ECB639821B83CA3600138A8C /* fs.swift */; };
		ECDA37151B7EB16200939000 /* File.swift in Sources */ = {isa = PBXBuildFile; fileRef = ECDA37141B7EB16200939000 /* File.swift */; };
		ECDA37171B80FE5200939000 /* HostType.swift in Sources */ = {isa = PBXBuildFile; fileRef = ECDA37161B80FE5200939000 /* HostType.swift */; };
		ECDA37191B82D6F500939000 /* Path.swift in Sources */ = {isa = PBXBuildFile; fileRef = ECDA37181B82D6F500939000 /* Path.swift */; };
/* End PBXBuildFile section */

/* Begin PBXCopyFilesBuildPhase section */
		ECAE89031B69391F002AE9B9 /* CopyFiles */ = {
			isa = PBXCopyFilesBuildPhase;
			buildActionMask = 2147483647;
			dstPath = /usr/share/man/man1/;
			dstSubfolderSpec = 0;
			files = (
			);
			runOnlyForDeploymentPostprocessing = 1;
		};
/* End PBXCopyFilesBuildPhase section */

/* Begin PBXFileReference section */
		EC1FE8DF1B6BDEF100112BB0 /* qk */ = {isa = PBXFileReference; lastKnownFileType = folder; path = qk; sourceTree = "<group>"; };
		EC1FE8E11B6BE20C00112BB0 /* Array.swift */ = {isa = PBXFileReference; fileEncoding = 4; lastKnownFileType = sourcecode.swift; name = Array.swift; path = qk/src/std/Array.swift; sourceTree = "<group>"; };
		EC1FE8E21B6BE20C00112BB0 /* Character.swift */ = {isa = PBXFileReference; fileEncoding = 4; lastKnownFileType = sourcecode.swift; name = Character.swift; path = qk/src/std/Character.swift; sourceTree = "<group>"; };
		EC1FE8E31B6BE20C00112BB0 /* CollectionType.swift */ = {isa = PBXFileReference; fileEncoding = 4; lastKnownFileType = sourcecode.swift; name = CollectionType.swift; path = qk/src/std/CollectionType.swift; sourceTree = "<group>"; };
		EC1FE8E41B6BE20C00112BB0 /* Dictionary.swift */ = {isa = PBXFileReference; fileEncoding = 4; lastKnownFileType = sourcecode.swift; name = Dictionary.swift; path = qk/src/std/Dictionary.swift; sourceTree = "<group>"; };
		EC1FE8E51B6BE20C00112BB0 /* Int.swift */ = {isa = PBXFileReference; fileEncoding = 4; lastKnownFileType = sourcecode.swift; name = Int.swift; path = qk/src/std/Int.swift; sourceTree = "<group>"; };
		EC1FE8E61B6BE20C00112BB0 /* Optional.swift */ = {isa = PBXFileReference; fileEncoding = 4; lastKnownFileType = sourcecode.swift; name = Optional.swift; path = qk/src/std/Optional.swift; sourceTree = "<group>"; };
		EC1FE8E71B6BE20C00112BB0 /* Process.swift */ = {isa = PBXFileReference; fileEncoding = 4; lastKnownFileType = sourcecode.swift; name = Process.swift; path = qk/src/std/Process.swift; sourceTree = "<group>"; };
		EC1FE8E81B6BE20C00112BB0 /* SequenceType.swift */ = {isa = PBXFileReference; fileEncoding = 4; lastKnownFileType = sourcecode.swift; name = SequenceType.swift; path = qk/src/std/SequenceType.swift; sourceTree = "<group>"; };
		EC1FE8E91B6BE20C00112BB0 /* String.swift */ = {isa = PBXFileReference; fileEncoding = 4; lastKnownFileType = sourcecode.swift; name = String.swift; path = qk/src/std/String.swift; sourceTree = "<group>"; };
		EC1FE8F31B6BE31200112BB0 /* Emit.swift */ = {isa = PBXFileReference; fileEncoding = 4; lastKnownFileType = sourcecode.swift; path = Emit.swift; sourceTree = "<group>"; };
		EC49BCFA1B750C3200660AF0 /* check.swift */ = {isa = PBXFileReference; lastKnownFileType = sourcecode.swift; name = check.swift; path = qk/src/core/check.swift; sourceTree = "<group>"; };
		EC49BD3E1B7565E700660AF0 /* ArithmeticType.swift */ = {isa = PBXFileReference; fileEncoding = 4; lastKnownFileType = sourcecode.swift; name = ArithmeticType.swift; path = qk/src/core/ArithmeticType.swift; sourceTree = "<group>"; };
		EC5BDF1D1B7A40EC00054159 /* Form.swift */ = {isa = PBXFileReference; fileEncoding = 4; lastKnownFileType = sourcecode.swift; path = Form.swift; sourceTree = "<group>"; };
		EC6523781B7BD2BF00CAA454 /* Acc.swift */ = {isa = PBXFileReference; fileEncoding = 4; lastKnownFileType = sourcecode.swift; path = Acc.swift; sourceTree = "<group>"; };
		EC6523791B7BD2BF00CAA454 /* Alias.swift */ = {isa = PBXFileReference; fileEncoding = 4; lastKnownFileType = sourcecode.swift; path = Alias.swift; sourceTree = "<group>"; };
		EC65237A1B7BD2BF00CAA454 /* Ann.swift */ = {isa = PBXFileReference; fileEncoding = 4; lastKnownFileType = sourcecode.swift; path = Ann.swift; sourceTree = "<group>"; };
		EC65237B1B7BD2BF00CAA454 /* Bind.swift */ = {isa = PBXFileReference; fileEncoding = 4; lastKnownFileType = sourcecode.swift; path = Bind.swift; sourceTree = "<group>"; };
		EC65237C1B7BD2BF00CAA454 /* Call.swift */ = {isa = PBXFileReference; fileEncoding = 4; lastKnownFileType = sourcecode.swift; path = Call.swift; sourceTree = "<group>"; };
		EC65237D1B7BD2BF00CAA454 /* Case.swift */ = {isa = PBXFileReference; fileEncoding = 4; lastKnownFileType = sourcecode.swift; path = Case.swift; sourceTree = "<group>"; };
		EC65237E1B7BD2BF00CAA454 /* Cmpd.swift */ = {isa = PBXFileReference; fileEncoding = 4; lastKnownFileType = sourcecode.swift; path = Cmpd.swift; sourceTree = "<group>"; };
		EC65237F1B7BD2BF00CAA454 /* CmpdExpand.swift */ = {isa = PBXFileReference; fileEncoding = 4; lastKnownFileType = sourcecode.swift; path = CmpdExpand.swift; sourceTree = "<group>"; };
		EC6523801B7BD2BF00CAA454 /* CmpdType.swift */ = {isa = PBXFileReference; fileEncoding = 4; lastKnownFileType = sourcecode.swift; path = CmpdType.swift; sourceTree = "<group>"; };
		EC6523811B7BD2BF00CAA454 /* Do.swift */ = {isa = PBXFileReference; fileEncoding = 4; lastKnownFileType = sourcecode.swift; path = Do.swift; sourceTree = "<group>"; };
		EC6523821B7BD2BF00CAA454 /* Enum.swift */ = {isa = PBXFileReference; fileEncoding = 4; lastKnownFileType = sourcecode.swift; path = Enum.swift; sourceTree = "<group>"; };
		EC6523831B7BD2BF00CAA454 /* Fn.swift */ = {isa = PBXFileReference; fileEncoding = 4; lastKnownFileType = sourcecode.swift; path = Fn.swift; sourceTree = "<group>"; };
		EC6523841B7BD2BF00CAA454 /* HostVal.swift */ = {isa = PBXFileReference; fileEncoding = 4; lastKnownFileType = sourcecode.swift; path = HostVal.swift; sourceTree = "<group>"; };
		EC6523851B7BD2BF00CAA454 /* If.swift */ = {isa = PBXFileReference; fileEncoding = 4; lastKnownFileType = sourcecode.swift; path = If.swift; sourceTree = "<group>"; };
		EC6523861B7BD2BF00CAA454 /* In.swift */ = {isa = PBXFileReference; fileEncoding = 4; lastKnownFileType = sourcecode.swift; path = In.swift; sourceTree = "<group>"; };
		EC6523871B7BD2BF00CAA454 /* LitNum.swift */ = {isa = PBXFileReference; fileEncoding = 4; lastKnownFileType = sourcecode.swift; path = LitNum.swift; sourceTree = "<group>"; };
		EC6523881B7BD2BF00CAA454 /* LitStr.swift */ = {isa = PBXFileReference; fileEncoding = 4; lastKnownFileType = sourcecode.swift; path = LitStr.swift; sourceTree = "<group>"; };
		EC6523891B7BD2BF00CAA454 /* Par.swift */ = {isa = PBXFileReference; fileEncoding = 4; lastKnownFileType = sourcecode.swift; path = Par.swift; sourceTree = "<group>"; };
		EC65238A1B7BD2BF00CAA454 /* Pub.swift */ = {isa = PBXFileReference; fileEncoding = 4; lastKnownFileType = sourcecode.swift; path = Pub.swift; sourceTree = "<group>"; };
		EC65238B1B7BD2BF00CAA454 /* Reify.swift */ = {isa = PBXFileReference; fileEncoding = 4; lastKnownFileType = sourcecode.swift; path = Reify.swift; sourceTree = "<group>"; };
		EC65238C1B7BD2BF00CAA454 /* Scoped.swift */ = {isa = PBXFileReference; fileEncoding = 4; lastKnownFileType = sourcecode.swift; path = Scoped.swift; sourceTree = "<group>"; };
		EC65238D1B7BD2BF00CAA454 /* Sig.swift */ = {isa = PBXFileReference; fileEncoding = 4; lastKnownFileType = sourcecode.swift; path = Sig.swift; sourceTree = "<group>"; };
		EC65238E1B7BD2BF00CAA454 /* Struct.swift */ = {isa = PBXFileReference; fileEncoding = 4; lastKnownFileType = sourcecode.swift; path = Struct.swift; sourceTree = "<group>"; };
		EC65238F1B7BD2BF00CAA454 /* Sym.swift */ = {isa = PBXFileReference; fileEncoding = 4; lastKnownFileType = sourcecode.swift; path = Sym.swift; sourceTree = "<group>"; };
		EC8E68971B6986F00080F316 /* Pos.swift */ = {isa = PBXFileReference; fileEncoding = 4; lastKnownFileType = sourcecode.swift; path = Pos.swift; sourceTree = "<group>"; };
		EC8E68991B698B660080F316 /* Src.swift */ = {isa = PBXFileReference; fileEncoding = 4; lastKnownFileType = sourcecode.swift; path = Src.swift; sourceTree = "<group>"; };
		EC8E689B1B698C110080F316 /* Syn.swift */ = {isa = PBXFileReference; fileEncoding = 4; lastKnownFileType = sourcecode.swift; path = Syn.swift; sourceTree = "<group>"; };
		EC98DE801B7E23B500557D35 /* Scope.swift */ = {isa = PBXFileReference; fileEncoding = 4; lastKnownFileType = sourcecode.swift; path = Scope.swift; sourceTree = "<group>"; };
		EC98DE821B7E277D00557D35 /* OutputStreamType.swift */ = {isa = PBXFileReference; fileEncoding = 4; lastKnownFileType = sourcecode.swift; name = OutputStreamType.swift; path = qk/src/std/OutputStreamType.swift; sourceTree = "<group>"; };
		EC98DE841B7E848E00557D35 /* TypeVal.swift */ = {isa = PBXFileReference; fileEncoding = 4; lastKnownFileType = sourcecode.swift; path = TypeVal.swift; sourceTree = "<group>"; };
		ECAE89051B69391F002AE9B9 /* ploy-swift */ = {isa = PBXFileReference; explicitFileType = "compiled.mach-o.executable"; includeInIndex = 0; path = "ploy-swift"; sourceTree = BUILT_PRODUCTS_DIR; };
		ECAE89161B693B46002AE9B9 /* main.swift */ = {isa = PBXFileReference; fileEncoding = 4; lastKnownFileType = sourcecode.swift; path = main.swift; sourceTree = "<group>"; };
		ECB639821B83CA3600138A8C /* fs.swift */ = {isa = PBXFileReference; fileEncoding = 4; lastKnownFileType = sourcecode.swift; name = fs.swift; path = qk/src/core/fs.swift; sourceTree = "<group>"; };
		ECDA37141B7EB16200939000 /* File.swift */ = {isa = PBXFileReference; fileEncoding = 4; lastKnownFileType = sourcecode.swift; name = File.swift; path = qk/src/core/File.swift; sourceTree = "<group>"; };
		ECDA37161B80FE5200939000 /* HostType.swift */ = {isa = PBXFileReference; fileEncoding = 4; lastKnownFileType = sourcecode.swift; path = HostType.swift; sourceTree = "<group>"; };
		ECDA37181B82D6F500939000 /* Path.swift */ = {isa = PBXFileReference; fileEncoding = 4; lastKnownFileType = sourcecode.swift; path = Path.swift; sourceTree = "<group>"; };
/* End PBXFileReference section */

/* Begin PBXFrameworksBuildPhase section */
		ECAE89021B69391F002AE9B9 /* Frameworks */ = {
			isa = PBXFrameworksBuildPhase;
			buildActionMask = 2147483647;
			files = (
			);
			runOnlyForDeploymentPostprocessing = 0;
		};
/* End PBXFrameworksBuildPhase section */

/* Begin PBXGroup section */
		EC1FE8E01B6BDEF900112BB0 /* qk-src */ = {
			isa = PBXGroup;
			children = (
				EC49BD3E1B7565E700660AF0 /* ArithmeticType.swift */,
				EC1FE8E11B6BE20C00112BB0 /* Array.swift */,
				EC1FE8E21B6BE20C00112BB0 /* Character.swift */,
				EC49BCFA1B750C3200660AF0 /* check.swift */,
				EC1FE8E31B6BE20C00112BB0 /* CollectionType.swift */,
				EC1FE8E41B6BE20C00112BB0 /* Dictionary.swift */,
				ECDA37141B7EB16200939000 /* File.swift */,
				ECB639821B83CA3600138A8C /* fs.swift */,
				EC1FE8E51B6BE20C00112BB0 /* Int.swift */,
				EC1FE8E61B6BE20C00112BB0 /* Optional.swift */,
				EC98DE821B7E277D00557D35 /* OutputStreamType.swift */,
				EC1FE8E71B6BE20C00112BB0 /* Process.swift */,
				EC1FE8E81B6BE20C00112BB0 /* SequenceType.swift */,
				EC1FE8E91B6BE20C00112BB0 /* String.swift */,
			);
			name = "qk-src";
			sourceTree = "<group>";
		};
		EC6523771B7BD2BF00CAA454 /* forms */ = {
			isa = PBXGroup;
			children = (
				EC6523781B7BD2BF00CAA454 /* Acc.swift */,
				EC6523791B7BD2BF00CAA454 /* Alias.swift */,
				EC65237A1B7BD2BF00CAA454 /* Ann.swift */,
				EC65237B1B7BD2BF00CAA454 /* Bind.swift */,
				EC65237C1B7BD2BF00CAA454 /* Call.swift */,
				EC65237D1B7BD2BF00CAA454 /* Case.swift */,
				EC65237E1B7BD2BF00CAA454 /* Cmpd.swift */,
				EC65237F1B7BD2BF00CAA454 /* CmpdExpand.swift */,
				EC6523801B7BD2BF00CAA454 /* CmpdType.swift */,
				EC6523811B7BD2BF00CAA454 /* Do.swift */,
				EC6523821B7BD2BF00CAA454 /* Enum.swift */,
				EC6523831B7BD2BF00CAA454 /* Fn.swift */,
				ECDA37161B80FE5200939000 /* HostType.swift */,
				EC6523841B7BD2BF00CAA454 /* HostVal.swift */,
				EC6523851B7BD2BF00CAA454 /* If.swift */,
				EC6523861B7BD2BF00CAA454 /* In.swift */,
				EC6523871B7BD2BF00CAA454 /* LitNum.swift */,
				EC6523881B7BD2BF00CAA454 /* LitStr.swift */,
				EC6523891B7BD2BF00CAA454 /* Par.swift */,
				ECDA37181B82D6F500939000 /* Path.swift */,
				EC65238A1B7BD2BF00CAA454 /* Pub.swift */,
				EC65238B1B7BD2BF00CAA454 /* Reify.swift */,
				EC65238C1B7BD2BF00CAA454 /* Scoped.swift */,
				EC65238D1B7BD2BF00CAA454 /* Sig.swift */,
				EC65238E1B7BD2BF00CAA454 /* Struct.swift */,
				EC65238F1B7BD2BF00CAA454 /* Sym.swift */,
			);
			path = forms;
			sourceTree = "<group>";
		};
		ECAE88FC1B69391F002AE9B9 = {
			isa = PBXGroup;
			children = (
				EC1FE8E01B6BDEF900112BB0 /* qk-src */,
				EC1FE8DF1B6BDEF100112BB0 /* qk */,
				ECAE89151B693B46002AE9B9 /* src */,
				ECAE89061B69391F002AE9B9 /* Products */,
			);
			sourceTree = "<group>";
		};
		ECAE89061B69391F002AE9B9 /* Products */ = {
			isa = PBXGroup;
			children = (
				ECAE89051B69391F002AE9B9 /* ploy-swift */,
			);
			name = Products;
			sourceTree = "<group>";
		};
		ECAE89151B693B46002AE9B9 /* src */ = {
			isa = PBXGroup;
			children = (
				EC6523771B7BD2BF00CAA454 /* forms */,
				EC1FE8F31B6BE31200112BB0 /* Emit.swift */,
				EC5BDF1D1B7A40EC00054159 /* Form.swift */,
				ECAE89161B693B46002AE9B9 /* main.swift */,
				EC8E68971B6986F00080F316 /* Pos.swift */,
				EC98DE801B7E23B500557D35 /* Scope.swift */,
				EC8E68991B698B660080F316 /* Src.swift */,
				EC8E689B1B698C110080F316 /* Syn.swift */,
				EC98DE841B7E848E00557D35 /* TypeVal.swift */,
			);
			path = src;
			sourceTree = "<group>";
		};
/* End PBXGroup section */

/* Begin PBXNativeTarget section */
		ECAE89041B69391F002AE9B9 /* ploy-swift */ = {
			isa = PBXNativeTarget;
			buildConfigurationList = ECAE890C1B69391F002AE9B9 /* Build configuration list for PBXNativeTarget "ploy-swift" */;
			buildPhases = (
				ECAE89011B69391F002AE9B9 /* Sources */,
				ECAE89021B69391F002AE9B9 /* Frameworks */,
				ECAE89031B69391F002AE9B9 /* CopyFiles */,
			);
			buildRules = (
			);
			dependencies = (
			);
			name = "ploy-swift";
			productName = "ploy-swift";
			productReference = ECAE89051B69391F002AE9B9 /* ploy-swift */;
			productType = "com.apple.product-type.tool";
		};
/* End PBXNativeTarget section */

/* Begin PBXProject section */
		ECAE88FD1B69391F002AE9B9 /* Project object */ = {
			isa = PBXProject;
			attributes = {
				LastUpgradeCheck = 0700;
				ORGANIZATIONNAME = gwk;
				TargetAttributes = {
					ECAE89041B69391F002AE9B9 = {
						CreatedOnToolsVersion = 7.0;
					};
				};
			};
			buildConfigurationList = ECAE89001B69391F002AE9B9 /* Build configuration list for PBXProject "ploy-swift" */;
			compatibilityVersion = "Xcode 6.3";
			developmentRegion = English;
			hasScannedForEncodings = 0;
			knownRegions = (
				en,
			);
			mainGroup = ECAE88FC1B69391F002AE9B9;
			productRefGroup = ECAE89061B69391F002AE9B9 /* Products */;
			projectDirPath = "";
			projectRoot = "";
			targets = (
				ECAE89041B69391F002AE9B9 /* ploy-swift */,
			);
		};
/* End PBXProject section */

/* Begin PBXSourcesBuildPhase section */
		ECAE89011B69391F002AE9B9 /* Sources */ = {
			isa = PBXSourcesBuildPhase;
			buildActionMask = 2147483647;
			files = (
				EC6523981B7BD2BF00CAA454 /* CmpdType.swift in Sources */,
				EC65239E1B7BD2BF00CAA454 /* In.swift in Sources */,
				EC6523A61B7BD2BF00CAA454 /* Struct.swift in Sources */,
				EC6523A51B7BD2BF00CAA454 /* Sig.swift in Sources */,
				EC65239D1B7BD2BF00CAA454 /* If.swift in Sources */,
				EC1FE8F21B6BE20C00112BB0 /* String.swift in Sources */,
				EC8E68981B6986F00080F316 /* Pos.swift in Sources */,
				EC6523901B7BD2BF00CAA454 /* Acc.swift in Sources */,
				EC98DE811B7E23B500557D35 /* Scope.swift in Sources */,
				EC6523961B7BD2BF00CAA454 /* Cmpd.swift in Sources */,
				EC6523951B7BD2BF00CAA454 /* Case.swift in Sources */,
				ECDA37191B82D6F500939000 /* Path.swift in Sources */,
				EC6523A41B7BD2BF00CAA454 /* Scoped.swift in Sources */,
				EC1FE8F11B6BE20C00112BB0 /* SequenceType.swift in Sources */,
				ECDA37171B80FE5200939000 /* HostType.swift in Sources */,
				EC1FE8EB1B6BE20C00112BB0 /* Character.swift in Sources */,
				EC6523A71B7BD2BF00CAA454 /* Sym.swift in Sources */,
				EC6523A01B7BD2BF00CAA454 /* LitStr.swift in Sources */,
				EC65239F1B7BD2BF00CAA454 /* LitNum.swift in Sources */,
				EC6523A11B7BD2BF00CAA454 /* Par.swift in Sources */,
				EC6523931B7BD2BF00CAA454 /* Bind.swift in Sources */,
				EC8E689A1B698B660080F316 /* Src.swift in Sources */,
				EC65239B1B7BD2BF00CAA454 /* Fn.swift in Sources */,
				EC98DE851B7E848E00557D35 /* TypeVal.swift in Sources */,
				EC6523941B7BD2BF00CAA454 /* Call.swift in Sources */,
				EC6523971B7BD2BF00CAA454 /* CmpdExpand.swift in Sources */,
				ECAE89171B693B46002AE9B9 /* main.swift in Sources */,
				EC1FE8F01B6BE20C00112BB0 /* Process.swift in Sources */,
				ECB639831B83CA3600138A8C /* fs.swift in Sources */,
				EC1FE8EA1B6BE20C00112BB0 /* Array.swift in Sources */,
				EC8E689C1B698C110080F316 /* Syn.swift in Sources */,
				EC49BD3F1B7565E700660AF0 /* ArithmeticType.swift in Sources */,
				ECDA37151B7EB16200939000 /* File.swift in Sources */,
				EC1FE8F41B6BE31200112BB0 /* Emit.swift in Sources */,
				EC6523991B7BD2BF00CAA454 /* Do.swift in Sources */,
				EC6523A21B7BD2BF00CAA454 /* Pub.swift in Sources */,
				EC6523911B7BD2BF00CAA454 /* Alias.swift in Sources */,
				EC1FE8ED1B6BE20C00112BB0 /* Dictionary.swift in Sources */,
				EC1FE8EE1B6BE20C00112BB0 /* Int.swift in Sources */,
				EC65239A1B7BD2BF00CAA454 /* Enum.swift in Sources */,
				EC6523A31B7BD2BF00CAA454 /* Reify.swift in Sources */,
				EC5BDF1E1B7A40EC00054159 /* Form.swift in Sources */,
				EC1FE8EC1B6BE20C00112BB0 /* CollectionType.swift in Sources */,
				EC1FE8EF1B6BE20C00112BB0 /* Optional.swift in Sources */,
				EC6523921B7BD2BF00CAA454 /* Ann.swift in Sources */,
				EC65239C1B7BD2BF00CAA454 /* HostVal.swift in Sources */,
				EC98DE831B7E277D00557D35 /* OutputStreamType.swift in Sources */,
				EC49BCFB1B750C3200660AF0 /* check.swift in Sources */,
			);
			runOnlyForDeploymentPostprocessing = 0;
		};
/* End PBXSourcesBuildPhase section */

/* Begin XCBuildConfiguration section */
		ECAE890A1B69391F002AE9B9 /* Debug */ = {
			isa = XCBuildConfiguration;
			buildSettings = {
				ALWAYS_SEARCH_USER_PATHS = NO;
				CLANG_ANALYZER_SECURITY_INSECUREAPI_RAND = YES;
				CLANG_ANALYZER_SECURITY_INSECUREAPI_STRCPY = YES;
				CLANG_ENABLE_MODULES = YES;
				CLANG_ENABLE_OBJC_ARC = YES;
				CLANG_WARN_ASSIGN_ENUM = YES;
				CLANG_WARN_BOOL_CONVERSION = YES;
				CLANG_WARN_CONSTANT_CONVERSION = YES;
				CLANG_WARN_DEPRECATED_OBJC_IMPLEMENTATIONS = YES;
				CLANG_WARN_DIRECT_OBJC_ISA_USAGE = YES_ERROR;
				CLANG_WARN_EMPTY_BODY = YES;
				CLANG_WARN_ENUM_CONVERSION = YES;
				CLANG_WARN_IMPLICIT_SIGN_CONVERSION = YES;
				CLANG_WARN_INT_CONVERSION = YES;
				CLANG_WARN_OBJC_EXPLICIT_OWNERSHIP_TYPE = YES;
				CLANG_WARN_OBJC_IMPLICIT_ATOMIC_PROPERTIES = YES;
				CLANG_WARN_OBJC_IMPLICIT_RETAIN_SELF = YES;
				CLANG_WARN_OBJC_REPEATED_USE_OF_WEAK = YES;
				CLANG_WARN_OBJC_ROOT_CLASS = YES_ERROR;
				CLANG_WARN_SUSPICIOUS_IMPLICIT_CONVERSION = YES;
				CLANG_WARN_UNREACHABLE_CODE = YES;
				CLANG_WARN__DUPLICATE_METHOD_MATCH = YES;
				COPY_PHASE_STRIP = NO;
				DEBUG_INFORMATION_FORMAT = dwarf;
				ENABLE_STRICT_OBJC_MSGSEND = YES;
				ENABLE_TESTABILITY = YES;
				GCC_NO_COMMON_BLOCKS = YES;
				GCC_OPTIMIZATION_LEVEL = 0;
				GCC_PREPROCESSOR_DEFINITIONS = (
					"DEBUG=1",
					"$(inherited)",
				);
				GCC_TREAT_INCOMPATIBLE_POINTER_TYPE_WARNINGS_AS_ERRORS = YES;
				GCC_WARN_64_TO_32_BIT_CONVERSION = YES;
				GCC_WARN_ABOUT_MISSING_FIELD_INITIALIZERS = YES;
				GCC_WARN_ABOUT_MISSING_NEWLINE = YES;
				GCC_WARN_ABOUT_RETURN_TYPE = YES_ERROR;
				GCC_WARN_FOUR_CHARACTER_CONSTANTS = YES;
				GCC_WARN_SHADOW = YES;
				GCC_WARN_SIGN_COMPARE = YES;
				GCC_WARN_UNDECLARED_SELECTOR = YES;
				GCC_WARN_UNINITIALIZED_AUTOS = YES_AGGRESSIVE;
				GCC_WARN_UNKNOWN_PRAGMAS = YES;
				GCC_WARN_UNUSED_FUNCTION = YES;
				GCC_WARN_UNUSED_LABEL = YES;
				GCC_WARN_UNUSED_VARIABLE = YES;
				MACOSX_DEPLOYMENT_TARGET = 10.10;
				ONLY_ACTIVE_ARCH = YES;
				SDKROOT = macosx;
				SWIFT_OPTIMIZATION_LEVEL = "-Onone";
			};
			name = Debug;
		};
		ECAE890B1B69391F002AE9B9 /* Release */ = {
			isa = XCBuildConfiguration;
			buildSettings = {
				ALWAYS_SEARCH_USER_PATHS = NO;
				CLANG_ANALYZER_SECURITY_INSECUREAPI_RAND = YES;
				CLANG_ANALYZER_SECURITY_INSECUREAPI_STRCPY = YES;
				CLANG_ENABLE_MODULES = YES;
				CLANG_ENABLE_OBJC_ARC = YES;
				CLANG_WARN_ASSIGN_ENUM = YES;
				CLANG_WARN_BOOL_CONVERSION = YES;
				CLANG_WARN_CONSTANT_CONVERSION = YES;
				CLANG_WARN_DEPRECATED_OBJC_IMPLEMENTATIONS = YES;
				CLANG_WARN_DIRECT_OBJC_ISA_USAGE = YES_ERROR;
				CLANG_WARN_EMPTY_BODY = YES;
				CLANG_WARN_ENUM_CONVERSION = YES;
				CLANG_WARN_IMPLICIT_SIGN_CONVERSION = YES;
				CLANG_WARN_INT_CONVERSION = YES;
				CLANG_WARN_OBJC_EXPLICIT_OWNERSHIP_TYPE = YES;
				CLANG_WARN_OBJC_IMPLICIT_ATOMIC_PROPERTIES = YES;
				CLANG_WARN_OBJC_IMPLICIT_RETAIN_SELF = YES;
				CLANG_WARN_OBJC_REPEATED_USE_OF_WEAK = YES;
				CLANG_WARN_OBJC_ROOT_CLASS = YES_ERROR;
				CLANG_WARN_SUSPICIOUS_IMPLICIT_CONVERSION = YES;
				CLANG_WARN_UNREACHABLE_CODE = YES;
				CLANG_WARN__DUPLICATE_METHOD_MATCH = YES;
				COPY_PHASE_STRIP = NO;
				DEBUG_INFORMATION_FORMAT = "dwarf-with-dsym";
				ENABLE_STRICT_OBJC_MSGSEND = YES;
				GCC_NO_COMMON_BLOCKS = YES;
				GCC_TREAT_INCOMPATIBLE_POINTER_TYPE_WARNINGS_AS_ERRORS = YES;
				GCC_WARN_64_TO_32_BIT_CONVERSION = YES;
				GCC_WARN_ABOUT_MISSING_FIELD_INITIALIZERS = YES;
				GCC_WARN_ABOUT_MISSING_NEWLINE = YES;
				GCC_WARN_ABOUT_RETURN_TYPE = YES_ERROR;
				GCC_WARN_FOUR_CHARACTER_CONSTANTS = YES;
				GCC_WARN_SHADOW = YES;
				GCC_WARN_SIGN_COMPARE = YES;
				GCC_WARN_UNDECLARED_SELECTOR = YES;
				GCC_WARN_UNINITIALIZED_AUTOS = YES_AGGRESSIVE;
				GCC_WARN_UNKNOWN_PRAGMAS = YES;
				GCC_WARN_UNUSED_FUNCTION = YES;
				GCC_WARN_UNUSED_LABEL = YES;
				GCC_WARN_UNUSED_VARIABLE = YES;
				MACOSX_DEPLOYMENT_TARGET = 10.10;
				SDKROOT = macosx;
			};
			name = Release;
		};
		ECAE890D1B69391F002AE9B9 /* Debug */ = {
			isa = XCBuildConfiguration;
			buildSettings = {
				PRODUCT_NAME = "$(TARGET_NAME)";
			};
			name = Debug;
		};
		ECAE890E1B69391F002AE9B9 /* Release */ = {
			isa = XCBuildConfiguration;
			buildSettings = {
				PRODUCT_NAME = "$(TARGET_NAME)";
			};
			name = Release;
		};
/* End XCBuildConfiguration section */

/* Begin XCConfigurationList section */
		ECAE89001B69391F002AE9B9 /* Build configuration list for PBXProject "ploy-swift" */ = {
			isa = XCConfigurationList;
			buildConfigurations = (
				ECAE890A1B69391F002AE9B9 /* Debug */,
				ECAE890B1B69391F002AE9B9 /* Release */,
			);
			defaultConfigurationIsVisible = 0;
			defaultConfigurationName = Release;
		};
		ECAE890C1B69391F002AE9B9 /* Build configuration list for PBXNativeTarget "ploy-swift" */ = {
			isa = XCConfigurationList;
			buildConfigurations = (
				ECAE890D1B69391F002AE9B9 /* Debug */,
				ECAE890E1B69391F002AE9B9 /* Release */,
			);
			defaultConfigurationIsVisible = 0;
			defaultConfigurationName = Release;
		};
/* End XCConfigurationList section */
	};
	rootObject = ECAE88FD1B69391F002AE9B9 /* Project object */;
}
