// !$*UTF8*$!
{
	archiveVersion = 1;
	classes = {
	};
	objectVersion = 47;
	objects = {

/* Begin PBXBuildFile section */
		EC1FE8EA1B6BE20C00112BB0 /* Array.swift in Sources */ = {isa = PBXBuildFile; fileRef = EC1FE8E11B6BE20C00112BB0 /* Array.swift */; };
		EC1FE8EB1B6BE20C00112BB0 /* Character.swift in Sources */ = {isa = PBXBuildFile; fileRef = EC1FE8E21B6BE20C00112BB0 /* Character.swift */; };
		EC1FE8EC1B6BE20C00112BB0 /* Collection.swift in Sources */ = {isa = PBXBuildFile; fileRef = EC1FE8E31B6BE20C00112BB0 /* Collection.swift */; };
		EC1FE8ED1B6BE20C00112BB0 /* Dictionary.swift in Sources */ = {isa = PBXBuildFile; fileRef = EC1FE8E41B6BE20C00112BB0 /* Dictionary.swift */; };
		EC1FE8EE1B6BE20C00112BB0 /* Int.swift in Sources */ = {isa = PBXBuildFile; fileRef = EC1FE8E51B6BE20C00112BB0 /* Int.swift */; };
		EC1FE8EF1B6BE20C00112BB0 /* Optional.swift in Sources */ = {isa = PBXBuildFile; fileRef = EC1FE8E61B6BE20C00112BB0 /* Optional.swift */; };
		EC1FE8F01B6BE20C00112BB0 /* Process.swift in Sources */ = {isa = PBXBuildFile; fileRef = EC1FE8E71B6BE20C00112BB0 /* Process.swift */; };
		EC1FE8F11B6BE20C00112BB0 /* Sequence.swift in Sources */ = {isa = PBXBuildFile; fileRef = EC1FE8E81B6BE20C00112BB0 /* Sequence.swift */; };
		EC1FE8F21B6BE20C00112BB0 /* String.swift in Sources */ = {isa = PBXBuildFile; fileRef = EC1FE8E91B6BE20C00112BB0 /* String.swift */; };
		EC49BCFB1B750C3200660AF0 /* check.swift in Sources */ = {isa = PBXBuildFile; fileRef = EC49BCFA1B750C3200660AF0 /* check.swift */; };
		EC49BD3F1B7565E700660AF0 /* ArithmeticProtocol.swift in Sources */ = {isa = PBXBuildFile; fileRef = EC49BD3E1B7565E700660AF0 /* ArithmeticProtocol.swift */; };
		EC4EB1F71BE6815100B8ACD1 /* DefaultInitializable.swift in Sources */ = {isa = PBXBuildFile; fileRef = EC4EB1F61BE6815100B8ACD1 /* DefaultInitializable.swift */; };
		EC4EB1F91BE833B100B8ACD1 /* Result.swift in Sources */ = {isa = PBXBuildFile; fileRef = EC4EB1F81BE833B100B8ACD1 /* Result.swift */; };
		EC4EB1FB1BE833D200B8ACD1 /* Set.swift in Sources */ = {isa = PBXBuildFile; fileRef = EC4EB1FA1BE833D200B8ACD1 /* Set.swift */; };
		EC4EB1FD1BE935E400B8ACD1 /* DuplicateErrors.swift in Sources */ = {isa = PBXBuildFile; fileRef = EC4EB1FC1BE935E400B8ACD1 /* DuplicateErrors.swift */; };
		EC5049EA1CAB0084000FB61D /* Acc.swift in Sources */ = {isa = PBXBuildFile; fileRef = EC5049C11CAB0084000FB61D /* Acc.swift */; };
		EC5049EB1CAB0084000FB61D /* Ann.swift in Sources */ = {isa = PBXBuildFile; fileRef = EC5049C21CAB0084000FB61D /* Ann.swift */; };
		EC5049EC1CAB0084000FB61D /* Arg.swift in Sources */ = {isa = PBXBuildFile; fileRef = EC5049C31CAB0084000FB61D /* Arg.swift */; };
		EC5049ED1CAB0084000FB61D /* Bind.swift in Sources */ = {isa = PBXBuildFile; fileRef = EC5049C41CAB0084000FB61D /* Bind.swift */; };
		EC5049EE1CAB0084000FB61D /* Call.swift in Sources */ = {isa = PBXBuildFile; fileRef = EC5049C51CAB0084000FB61D /* Call.swift */; };
		EC5049EF1CAB0084000FB61D /* Case.swift in Sources */ = {isa = PBXBuildFile; fileRef = EC5049C61CAB0084000FB61D /* Case.swift */; };
		EC5049F01CAB0084000FB61D /* Cmpd.swift in Sources */ = {isa = PBXBuildFile; fileRef = EC5049C71CAB0084000FB61D /* Cmpd.swift */; };
		EC5049F11CAB0084000FB61D /* CmpdType.swift in Sources */ = {isa = PBXBuildFile; fileRef = EC5049C81CAB0084000FB61D /* CmpdType.swift */; };
		EC5049F21CAB0084000FB61D /* Do.swift in Sources */ = {isa = PBXBuildFile; fileRef = EC5049C91CAB0084000FB61D /* Do.swift */; };
		EC5049F31CAB0084000FB61D /* Emitter.swift in Sources */ = {isa = PBXBuildFile; fileRef = EC5049CA1CAB0084000FB61D /* Emitter.swift */; };
		EC5049F41CAB0084000FB61D /* Enum.swift in Sources */ = {isa = PBXBuildFile; fileRef = EC5049CB1CAB0084000FB61D /* Enum.swift */; };
		EC5049F51CAB0084000FB61D /* Expand.swift in Sources */ = {isa = PBXBuildFile; fileRef = EC5049CC1CAB0084000FB61D /* Expand.swift */; };
		EC5049F61CAB0084000FB61D /* Fn.swift in Sources */ = {isa = PBXBuildFile; fileRef = EC5049CD1CAB0084000FB61D /* Fn.swift */; };
		EC5049F71CAB0084000FB61D /* Form.swift in Sources */ = {isa = PBXBuildFile; fileRef = EC5049CE1CAB0084000FB61D /* Form.swift */; };
		EC5049F81CAB0084000FB61D /* HostType.swift in Sources */ = {isa = PBXBuildFile; fileRef = EC5049CF1CAB0084000FB61D /* HostType.swift */; };
		EC5049F91CAB0084000FB61D /* HostVal.swift in Sources */ = {isa = PBXBuildFile; fileRef = EC5049D01CAB0084000FB61D /* HostVal.swift */; };
		EC5049FA1CAB0084000FB61D /* If.swift in Sources */ = {isa = PBXBuildFile; fileRef = EC5049D11CAB0084000FB61D /* If.swift */; };
		EC5049FB1CAB0084000FB61D /* In.swift in Sources */ = {isa = PBXBuildFile; fileRef = EC5049D21CAB0084000FB61D /* In.swift */; };
		EC5049FC1CAB0084000FB61D /* LitNum.swift in Sources */ = {isa = PBXBuildFile; fileRef = EC5049D31CAB0084000FB61D /* LitNum.swift */; };
		EC5049FD1CAB0084000FB61D /* LitStr.swift in Sources */ = {isa = PBXBuildFile; fileRef = EC5049D41CAB0084000FB61D /* LitStr.swift */; };
		EC5049FE1CAB0084000FB61D /* LocalScope.swift in Sources */ = {isa = PBXBuildFile; fileRef = EC5049D51CAB0084000FB61D /* LocalScope.swift */; };
		EC5049FF1CAB0084000FB61D /* main.swift in Sources */ = {isa = PBXBuildFile; fileRef = EC5049D61CAB0084000FB61D /* main.swift */; };
		EC504A001CAB0084000FB61D /* Method.swift in Sources */ = {isa = PBXBuildFile; fileRef = EC5049D71CAB0084000FB61D /* Method.swift */; };
		EC504A011CAB0084000FB61D /* Par.swift in Sources */ = {isa = PBXBuildFile; fileRef = EC5049D81CAB0084000FB61D /* Par.swift */; };
		EC504A021CAB0084000FB61D /* Paren.swift in Sources */ = {isa = PBXBuildFile; fileRef = EC5049D91CAB0084000FB61D /* Paren.swift */; };
		EC504A031CAB0084000FB61D /* Path.swift in Sources */ = {isa = PBXBuildFile; fileRef = EC5049DA1CAB0084000FB61D /* Path.swift */; };
		EC504A041CAB0084000FB61D /* PolyFn.swift in Sources */ = {isa = PBXBuildFile; fileRef = EC5049DB1CAB0084000FB61D /* PolyFn.swift */; };
		EC504A051CAB0084000FB61D /* Pos.swift in Sources */ = {isa = PBXBuildFile; fileRef = EC5049DC1CAB0084000FB61D /* Pos.swift */; };
		EC504A061CAB0084000FB61D /* Pub.swift in Sources */ = {isa = PBXBuildFile; fileRef = EC5049DD1CAB0084000FB61D /* Pub.swift */; };
		EC504A071CAB0084000FB61D /* Reify.swift in Sources */ = {isa = PBXBuildFile; fileRef = EC5049DE1CAB0084000FB61D /* Reify.swift */; };
		EC504A081CAB0084000FB61D /* Scope.swift in Sources */ = {isa = PBXBuildFile; fileRef = EC5049DF1CAB0084000FB61D /* Scope.swift */; };
		EC504A091CAB0084000FB61D /* ScopeRecord.swift in Sources */ = {isa = PBXBuildFile; fileRef = EC5049E01CAB0084000FB61D /* ScopeRecord.swift */; };
		EC504A0A1CAB0084000FB61D /* Sig.swift in Sources */ = {isa = PBXBuildFile; fileRef = EC5049E11CAB0084000FB61D /* Sig.swift */; };
		EC504A0B1CAB0084000FB61D /* Space.swift in Sources */ = {isa = PBXBuildFile; fileRef = EC5049E21CAB0084000FB61D /* Space.swift */; };
		EC504A0C1CAB0084000FB61D /* Src.swift in Sources */ = {isa = PBXBuildFile; fileRef = EC5049E31CAB0084000FB61D /* Src.swift */; };
		EC504A0D1CAB0084000FB61D /* Struct.swift in Sources */ = {isa = PBXBuildFile; fileRef = EC5049E41CAB0084000FB61D /* Struct.swift */; };
		EC504A0E1CAB0084000FB61D /* Sym.swift in Sources */ = {isa = PBXBuildFile; fileRef = EC5049E51CAB0084000FB61D /* Sym.swift */; };
		EC504A0F1CAB0084000FB61D /* Syn.swift in Sources */ = {isa = PBXBuildFile; fileRef = EC5049E61CAB0084000FB61D /* Syn.swift */; };
		EC504A101CAB0084000FB61D /* Type.swift in Sources */ = {isa = PBXBuildFile; fileRef = EC5049E71CAB0084000FB61D /* Type.swift */; };
		EC504A111CAB0084000FB61D /* TypeCtx.swift in Sources */ = {isa = PBXBuildFile; fileRef = EC5049E81CAB0084000FB61D /* TypeCtx.swift */; };
		EC504A121CAB0084000FB61D /* TypePar.swift in Sources */ = {isa = PBXBuildFile; fileRef = EC5049E91CAB0084000FB61D /* TypePar.swift */; };
		EC504A141CAB0277000FB61D /* ArithmeticFloat.swift in Sources */ = {isa = PBXBuildFile; fileRef = EC504A131CAB0277000FB61D /* ArithmeticFloat.swift */; };
		EC6EFA621C4478B0008D0266 /* DictOfSet.swift in Sources */ = {isa = PBXBuildFile; fileRef = EC6EFA601C4478B0008D0266 /* DictOfSet.swift */; };
		EC7F8F621BCED20700F6D684 /* Error.swift in Sources */ = {isa = PBXBuildFile; fileRef = EC7F8F611BCED20700F6D684 /* Error.swift */; };
		EC97D70D1B84F9A8001D9ABB /* Chain.swift in Sources */ = {isa = PBXBuildFile; fileRef = EC97D70C1B84F9A8001D9ABB /* Chain.swift */; };
		EC98DE831B7E277D00557D35 /* OutputStream.swift in Sources */ = {isa = PBXBuildFile; fileRef = EC98DE821B7E277D00557D35 /* OutputStream.swift */; };
		ECA255811CAC15A3000DE171 /* Ref.swift in Sources */ = {isa = PBXBuildFile; fileRef = ECA255801CAC15A3000DE171 /* Ref.swift */; };
		ECB639831B83CA3600138A8C /* fs.swift in Sources */ = {isa = PBXBuildFile; fileRef = ECB639821B83CA3600138A8C /* fs.swift */; };
		ECC68F911C1CA24D005168B0 /* Random.swift in Sources */ = {isa = PBXBuildFile; fileRef = ECC68F901C1CA24D005168B0 /* Random.swift */; };
		ECDA37151B7EB16200939000 /* File.swift in Sources */ = {isa = PBXBuildFile; fileRef = ECDA37141B7EB16200939000 /* File.swift */; };
/* End PBXBuildFile section */

/* Begin PBXCopyFilesBuildPhase section */
		ECAE89031B69391F002AE9B9 /* CopyFiles */ = {
			isa = PBXCopyFilesBuildPhase;
			buildActionMask = 2147483647;
			dstPath = /usr/share/man/man1/;
			dstSubfolderSpec = 0;
			files = (
			);
			runOnlyForDeploymentPostprocessing = 1;
		};
/* End PBXCopyFilesBuildPhase section */

/* Begin PBXFileReference section */
		EC1FE8DF1B6BDEF100112BB0 /* qk */ = {isa = PBXFileReference; lastKnownFileType = folder; path = qk; sourceTree = "<group>"; };
		EC1FE8E11B6BE20C00112BB0 /* Array.swift */ = {isa = PBXFileReference; fileEncoding = 4; lastKnownFileType = sourcecode.swift; name = Array.swift; path = qk/src/Core/Array.swift; sourceTree = "<group>"; };
		EC1FE8E21B6BE20C00112BB0 /* Character.swift */ = {isa = PBXFileReference; fileEncoding = 4; lastKnownFileType = sourcecode.swift; name = Character.swift; path = qk/src/Core/Character.swift; sourceTree = "<group>"; };
		EC1FE8E31B6BE20C00112BB0 /* Collection.swift */ = {isa = PBXFileReference; fileEncoding = 4; lastKnownFileType = sourcecode.swift; name = Collection.swift; path = qk/src/Core/Collection.swift; sourceTree = "<group>"; };
		EC1FE8E41B6BE20C00112BB0 /* Dictionary.swift */ = {isa = PBXFileReference; fileEncoding = 4; lastKnownFileType = sourcecode.swift; name = Dictionary.swift; path = qk/src/Core/Dictionary.swift; sourceTree = "<group>"; };
		EC1FE8E51B6BE20C00112BB0 /* Int.swift */ = {isa = PBXFileReference; fileEncoding = 4; lastKnownFileType = sourcecode.swift; name = Int.swift; path = qk/src/Core/Int.swift; sourceTree = "<group>"; };
		EC1FE8E61B6BE20C00112BB0 /* Optional.swift */ = {isa = PBXFileReference; fileEncoding = 4; lastKnownFileType = sourcecode.swift; name = Optional.swift; path = qk/src/Core/Optional.swift; sourceTree = "<group>"; };
		EC1FE8E71B6BE20C00112BB0 /* Process.swift */ = {isa = PBXFileReference; fileEncoding = 4; lastKnownFileType = sourcecode.swift; name = Process.swift; path = qk/src/Core/Process.swift; sourceTree = "<group>"; };
		EC1FE8E81B6BE20C00112BB0 /* Sequence.swift */ = {isa = PBXFileReference; fileEncoding = 4; lastKnownFileType = sourcecode.swift; name = Sequence.swift; path = qk/src/Core/Sequence.swift; sourceTree = "<group>"; };
		EC1FE8E91B6BE20C00112BB0 /* String.swift */ = {isa = PBXFileReference; fileEncoding = 4; lastKnownFileType = sourcecode.swift; name = String.swift; path = qk/src/Core/String.swift; sourceTree = "<group>"; };
		EC49BCFA1B750C3200660AF0 /* check.swift */ = {isa = PBXFileReference; lastKnownFileType = sourcecode.swift; name = check.swift; path = qk/src/Core/check.swift; sourceTree = "<group>"; };
		EC49BD3E1B7565E700660AF0 /* ArithmeticProtocol.swift */ = {isa = PBXFileReference; fileEncoding = 4; lastKnownFileType = sourcecode.swift; name = ArithmeticProtocol.swift; path = qk/src/Core/ArithmeticProtocol.swift; sourceTree = "<group>"; };
		EC4EB1F61BE6815100B8ACD1 /* DefaultInitializable.swift */ = {isa = PBXFileReference; fileEncoding = 4; lastKnownFileType = sourcecode.swift; name = DefaultInitializable.swift; path = qk/src/Core/DefaultInitializable.swift; sourceTree = "<group>"; };
		EC4EB1F81BE833B100B8ACD1 /* Result.swift */ = {isa = PBXFileReference; fileEncoding = 4; lastKnownFileType = sourcecode.swift; name = Result.swift; path = qk/src/Core/Result.swift; sourceTree = "<group>"; };
		EC4EB1FA1BE833D200B8ACD1 /* Set.swift */ = {isa = PBXFileReference; fileEncoding = 4; lastKnownFileType = sourcecode.swift; name = Set.swift; path = qk/src/Core/Set.swift; sourceTree = "<group>"; };
		EC4EB1FC1BE935E400B8ACD1 /* DuplicateErrors.swift */ = {isa = PBXFileReference; fileEncoding = 4; lastKnownFileType = sourcecode.swift; name = DuplicateErrors.swift; path = qk/src/Core/DuplicateErrors.swift; sourceTree = "<group>"; };
		EC5049C11CAB0084000FB61D /* Acc.swift */ = {isa = PBXFileReference; fileEncoding = 4; lastKnownFileType = sourcecode.swift; path = Acc.swift; sourceTree = "<group>"; };
		EC5049C21CAB0084000FB61D /* Ann.swift */ = {isa = PBXFileReference; fileEncoding = 4; lastKnownFileType = sourcecode.swift; path = Ann.swift; sourceTree = "<group>"; };
		EC5049C31CAB0084000FB61D /* Arg.swift */ = {isa = PBXFileReference; fileEncoding = 4; lastKnownFileType = sourcecode.swift; path = Arg.swift; sourceTree = "<group>"; };
		EC5049C41CAB0084000FB61D /* Bind.swift */ = {isa = PBXFileReference; fileEncoding = 4; lastKnownFileType = sourcecode.swift; path = Bind.swift; sourceTree = "<group>"; };
		EC5049C51CAB0084000FB61D /* Call.swift */ = {isa = PBXFileReference; fileEncoding = 4; lastKnownFileType = sourcecode.swift; path = Call.swift; sourceTree = "<group>"; };
		EC5049C61CAB0084000FB61D /* Case.swift */ = {isa = PBXFileReference; fileEncoding = 4; lastKnownFileType = sourcecode.swift; path = Case.swift; sourceTree = "<group>"; };
		EC5049C71CAB0084000FB61D /* Cmpd.swift */ = {isa = PBXFileReference; fileEncoding = 4; lastKnownFileType = sourcecode.swift; path = Cmpd.swift; sourceTree = "<group>"; };
		EC5049C81CAB0084000FB61D /* CmpdType.swift */ = {isa = PBXFileReference; fileEncoding = 4; lastKnownFileType = sourcecode.swift; path = CmpdType.swift; sourceTree = "<group>"; };
		EC5049C91CAB0084000FB61D /* Do.swift */ = {isa = PBXFileReference; fileEncoding = 4; lastKnownFileType = sourcecode.swift; path = Do.swift; sourceTree = "<group>"; };
		EC5049CA1CAB0084000FB61D /* Emitter.swift */ = {isa = PBXFileReference; fileEncoding = 4; lastKnownFileType = sourcecode.swift; path = Emitter.swift; sourceTree = "<group>"; };
		EC5049CB1CAB0084000FB61D /* Enum.swift */ = {isa = PBXFileReference; fileEncoding = 4; lastKnownFileType = sourcecode.swift; path = Enum.swift; sourceTree = "<group>"; };
		EC5049CC1CAB0084000FB61D /* Expand.swift */ = {isa = PBXFileReference; fileEncoding = 4; lastKnownFileType = sourcecode.swift; path = Expand.swift; sourceTree = "<group>"; };
		EC5049CD1CAB0084000FB61D /* Fn.swift */ = {isa = PBXFileReference; fileEncoding = 4; lastKnownFileType = sourcecode.swift; path = Fn.swift; sourceTree = "<group>"; };
		EC5049CE1CAB0084000FB61D /* Form.swift */ = {isa = PBXFileReference; fileEncoding = 4; lastKnownFileType = sourcecode.swift; path = Form.swift; sourceTree = "<group>"; };
		EC5049CF1CAB0084000FB61D /* HostType.swift */ = {isa = PBXFileReference; fileEncoding = 4; lastKnownFileType = sourcecode.swift; path = HostType.swift; sourceTree = "<group>"; };
		EC5049D01CAB0084000FB61D /* HostVal.swift */ = {isa = PBXFileReference; fileEncoding = 4; lastKnownFileType = sourcecode.swift; path = HostVal.swift; sourceTree = "<group>"; };
		EC5049D11CAB0084000FB61D /* If.swift */ = {isa = PBXFileReference; fileEncoding = 4; lastKnownFileType = sourcecode.swift; path = If.swift; sourceTree = "<group>"; };
		EC5049D21CAB0084000FB61D /* In.swift */ = {isa = PBXFileReference; fileEncoding = 4; lastKnownFileType = sourcecode.swift; path = In.swift; sourceTree = "<group>"; };
		EC5049D31CAB0084000FB61D /* LitNum.swift */ = {isa = PBXFileReference; fileEncoding = 4; lastKnownFileType = sourcecode.swift; path = LitNum.swift; sourceTree = "<group>"; };
		EC5049D41CAB0084000FB61D /* LitStr.swift */ = {isa = PBXFileReference; fileEncoding = 4; lastKnownFileType = sourcecode.swift; path = LitStr.swift; sourceTree = "<group>"; };
		EC5049D51CAB0084000FB61D /* LocalScope.swift */ = {isa = PBXFileReference; fileEncoding = 4; lastKnownFileType = sourcecode.swift; path = LocalScope.swift; sourceTree = "<group>"; };
		EC5049D61CAB0084000FB61D /* main.swift */ = {isa = PBXFileReference; fileEncoding = 4; lastKnownFileType = sourcecode.swift; path = main.swift; sourceTree = "<group>"; };
		EC5049D71CAB0084000FB61D /* Method.swift */ = {isa = PBXFileReference; fileEncoding = 4; lastKnownFileType = sourcecode.swift; path = Method.swift; sourceTree = "<group>"; };
		EC5049D81CAB0084000FB61D /* Par.swift */ = {isa = PBXFileReference; fileEncoding = 4; lastKnownFileType = sourcecode.swift; path = Par.swift; sourceTree = "<group>"; };
		EC5049D91CAB0084000FB61D /* Paren.swift */ = {isa = PBXFileReference; fileEncoding = 4; lastKnownFileType = sourcecode.swift; path = Paren.swift; sourceTree = "<group>"; };
		EC5049DA1CAB0084000FB61D /* Path.swift */ = {isa = PBXFileReference; fileEncoding = 4; lastKnownFileType = sourcecode.swift; path = Path.swift; sourceTree = "<group>"; };
		EC5049DB1CAB0084000FB61D /* PolyFn.swift */ = {isa = PBXFileReference; fileEncoding = 4; lastKnownFileType = sourcecode.swift; path = PolyFn.swift; sourceTree = "<group>"; };
		EC5049DC1CAB0084000FB61D /* Pos.swift */ = {isa = PBXFileReference; fileEncoding = 4; lastKnownFileType = sourcecode.swift; path = Pos.swift; sourceTree = "<group>"; };
		EC5049DD1CAB0084000FB61D /* Pub.swift */ = {isa = PBXFileReference; fileEncoding = 4; lastKnownFileType = sourcecode.swift; path = Pub.swift; sourceTree = "<group>"; };
		EC5049DE1CAB0084000FB61D /* Reify.swift */ = {isa = PBXFileReference; fileEncoding = 4; lastKnownFileType = sourcecode.swift; path = Reify.swift; sourceTree = "<group>"; };
		EC5049DF1CAB0084000FB61D /* Scope.swift */ = {isa = PBXFileReference; fileEncoding = 4; lastKnownFileType = sourcecode.swift; path = Scope.swift; sourceTree = "<group>"; };
		EC5049E01CAB0084000FB61D /* ScopeRecord.swift */ = {isa = PBXFileReference; fileEncoding = 4; lastKnownFileType = sourcecode.swift; path = ScopeRecord.swift; sourceTree = "<group>"; };
		EC5049E11CAB0084000FB61D /* Sig.swift */ = {isa = PBXFileReference; fileEncoding = 4; lastKnownFileType = sourcecode.swift; path = Sig.swift; sourceTree = "<group>"; };
		EC5049E21CAB0084000FB61D /* Space.swift */ = {isa = PBXFileReference; fileEncoding = 4; lastKnownFileType = sourcecode.swift; path = Space.swift; sourceTree = "<group>"; };
		EC5049E31CAB0084000FB61D /* Src.swift */ = {isa = PBXFileReference; fileEncoding = 4; lastKnownFileType = sourcecode.swift; path = Src.swift; sourceTree = "<group>"; };
		EC5049E41CAB0084000FB61D /* Struct.swift */ = {isa = PBXFileReference; fileEncoding = 4; lastKnownFileType = sourcecode.swift; path = Struct.swift; sourceTree = "<group>"; };
		EC5049E51CAB0084000FB61D /* Sym.swift */ = {isa = PBXFileReference; fileEncoding = 4; lastKnownFileType = sourcecode.swift; path = Sym.swift; sourceTree = "<group>"; };
		EC5049E61CAB0084000FB61D /* Syn.swift */ = {isa = PBXFileReference; fileEncoding = 4; lastKnownFileType = sourcecode.swift; path = Syn.swift; sourceTree = "<group>"; };
		EC5049E71CAB0084000FB61D /* Type.swift */ = {isa = PBXFileReference; fileEncoding = 4; lastKnownFileType = sourcecode.swift; path = Type.swift; sourceTree = "<group>"; };
		EC5049E81CAB0084000FB61D /* TypeCtx.swift */ = {isa = PBXFileReference; fileEncoding = 4; lastKnownFileType = sourcecode.swift; path = TypeCtx.swift; sourceTree = "<group>"; };
		EC5049E91CAB0084000FB61D /* TypePar.swift */ = {isa = PBXFileReference; fileEncoding = 4; lastKnownFileType = sourcecode.swift; path = TypePar.swift; sourceTree = "<group>"; };
		EC504A131CAB0277000FB61D /* ArithmeticFloat.swift */ = {isa = PBXFileReference; fileEncoding = 4; lastKnownFileType = sourcecode.swift; name = ArithmeticFloat.swift; path = qk/src/Core/ArithmeticFloat.swift; sourceTree = "<group>"; };
		EC6A7E751CAE02D70040A320 /* _repro.ploy */ = {isa = PBXFileReference; lastKnownFileType = text; path = _repro.ploy; sourceTree = "<group>"; };
		EC6A7E761CAE02DE0040A320 /* _repro-lib.ploy */ = {isa = PBXFileReference; lastKnownFileType = text; path = "_repro-lib.ploy"; sourceTree = "<group>"; };
		EC6EFA601C4478B0008D0266 /* DictOfSet.swift */ = {isa = PBXFileReference; fileEncoding = 4; lastKnownFileType = sourcecode.swift; name = DictOfSet.swift; path = qk/src/Core/DictOfSet.swift; sourceTree = "<group>"; };
		EC7F8F611BCED20700F6D684 /* Error.swift */ = {isa = PBXFileReference; fileEncoding = 4; lastKnownFileType = sourcecode.swift; name = Error.swift; path = qk/src/Core/Error.swift; sourceTree = "<group>"; };
		EC97D70C1B84F9A8001D9ABB /* Chain.swift */ = {isa = PBXFileReference; fileEncoding = 4; lastKnownFileType = sourcecode.swift; name = Chain.swift; path = qk/src/Core/Chain.swift; sourceTree = "<group>"; };
		EC98DE821B7E277D00557D35 /* OutputStream.swift */ = {isa = PBXFileReference; fileEncoding = 4; lastKnownFileType = sourcecode.swift; name = OutputStream.swift; path = qk/src/Core/OutputStream.swift; sourceTree = "<group>"; };
		ECA255801CAC15A3000DE171 /* Ref.swift */ = {isa = PBXFileReference; fileEncoding = 4; lastKnownFileType = sourcecode.swift; name = Ref.swift; path = qk/src/Core/Ref.swift; sourceTree = "<group>"; };
		ECAE89051B69391F002AE9B9 /* ploy-swift */ = {isa = PBXFileReference; explicitFileType = "compiled.mach-o.executable"; includeInIndex = 0; path = "ploy-swift"; sourceTree = BUILT_PRODUCTS_DIR; };
		ECB639821B83CA3600138A8C /* fs.swift */ = {isa = PBXFileReference; fileEncoding = 4; lastKnownFileType = sourcecode.swift; name = fs.swift; path = qk/src/Core/fs.swift; sourceTree = "<group>"; };
		ECC68F901C1CA24D005168B0 /* Random.swift */ = {isa = PBXFileReference; fileEncoding = 4; lastKnownFileType = sourcecode.swift; name = Random.swift; path = qk/src/Core/Random.swift; sourceTree = "<group>"; };
		ECDA37141B7EB16200939000 /* File.swift */ = {isa = PBXFileReference; fileEncoding = 4; lastKnownFileType = sourcecode.swift; name = File.swift; path = qk/src/Core/File.swift; sourceTree = "<group>"; };
/* End PBXFileReference section */

/* Begin PBXFrameworksBuildPhase section */
		ECAE89021B69391F002AE9B9 /* Frameworks */ = {
			isa = PBXFrameworksBuildPhase;
			buildActionMask = 2147483647;
			files = (
			);
			runOnlyForDeploymentPostprocessing = 0;
		};
/* End PBXFrameworksBuildPhase section */

/* Begin PBXGroup section */
		EC1FE8E01B6BDEF900112BB0 /* qk-src */ = {
			isa = PBXGroup;
			children = (
				EC504A131CAB0277000FB61D /* ArithmeticFloat.swift */,
				EC49BD3E1B7565E700660AF0 /* ArithmeticProtocol.swift */,
				EC1FE8E11B6BE20C00112BB0 /* Array.swift */,
				EC97D70C1B84F9A8001D9ABB /* Chain.swift */,
				EC1FE8E21B6BE20C00112BB0 /* Character.swift */,
				EC49BCFA1B750C3200660AF0 /* check.swift */,
				EC1FE8E31B6BE20C00112BB0 /* Collection.swift */,
				EC4EB1F61BE6815100B8ACD1 /* DefaultInitializable.swift */,
				EC1FE8E41B6BE20C00112BB0 /* Dictionary.swift */,
				EC4EB1FC1BE935E400B8ACD1 /* DuplicateErrors.swift */,
				EC7F8F611BCED20700F6D684 /* Error.swift */,
				ECDA37141B7EB16200939000 /* File.swift */,
				ECB639821B83CA3600138A8C /* fs.swift */,
				EC1FE8E51B6BE20C00112BB0 /* Int.swift */,
				EC1FE8E61B6BE20C00112BB0 /* Optional.swift */,
				EC98DE821B7E277D00557D35 /* OutputStream.swift */,
				EC1FE8E71B6BE20C00112BB0 /* Process.swift */,
				ECC68F901C1CA24D005168B0 /* Random.swift */,
				ECA255801CAC15A3000DE171 /* Ref.swift */,
				EC4EB1F81BE833B100B8ACD1 /* Result.swift */,
				EC1FE8E81B6BE20C00112BB0 /* Sequence.swift */,
				EC4EB1FA1BE833D200B8ACD1 /* Set.swift */,
				EC6EFA601C4478B0008D0266 /* DictOfSet.swift */,
				EC1FE8E91B6BE20C00112BB0 /* String.swift */,
			);
			name = "qk-src";
			sourceTree = "<group>";
		};
		EC5049C01CAB0084000FB61D /* src */ = {
			isa = PBXGroup;
			children = (
				EC5049C11CAB0084000FB61D /* Acc.swift */,
				EC5049C21CAB0084000FB61D /* Ann.swift */,
				EC5049C31CAB0084000FB61D /* Arg.swift */,
				EC5049C41CAB0084000FB61D /* Bind.swift */,
				EC5049C51CAB0084000FB61D /* Call.swift */,
				EC5049C61CAB0084000FB61D /* Case.swift */,
				EC5049C71CAB0084000FB61D /* Cmpd.swift */,
				EC5049C81CAB0084000FB61D /* CmpdType.swift */,
				EC5049C91CAB0084000FB61D /* Do.swift */,
				EC5049CA1CAB0084000FB61D /* Emitter.swift */,
				EC5049CB1CAB0084000FB61D /* Enum.swift */,
				EC5049CC1CAB0084000FB61D /* Expand.swift */,
				EC5049CD1CAB0084000FB61D /* Fn.swift */,
				EC5049CE1CAB0084000FB61D /* Form.swift */,
				EC5049CF1CAB0084000FB61D /* HostType.swift */,
				EC5049D01CAB0084000FB61D /* HostVal.swift */,
				EC5049D11CAB0084000FB61D /* If.swift */,
				EC5049D21CAB0084000FB61D /* In.swift */,
				EC5049D31CAB0084000FB61D /* LitNum.swift */,
				EC5049D41CAB0084000FB61D /* LitStr.swift */,
				EC5049D51CAB0084000FB61D /* LocalScope.swift */,
				EC5049D61CAB0084000FB61D /* main.swift */,
				EC5049D71CAB0084000FB61D /* Method.swift */,
				EC5049D81CAB0084000FB61D /* Par.swift */,
				EC5049D91CAB0084000FB61D /* Paren.swift */,
				EC5049DA1CAB0084000FB61D /* Path.swift */,
				EC5049DB1CAB0084000FB61D /* PolyFn.swift */,
				EC5049DC1CAB0084000FB61D /* Pos.swift */,
				EC5049DD1CAB0084000FB61D /* Pub.swift */,
				EC5049DE1CAB0084000FB61D /* Reify.swift */,
				EC5049DF1CAB0084000FB61D /* Scope.swift */,
				EC5049E01CAB0084000FB61D /* ScopeRecord.swift */,
				EC5049E11CAB0084000FB61D /* Sig.swift */,
				EC5049E21CAB0084000FB61D /* Space.swift */,
				EC5049E31CAB0084000FB61D /* Src.swift */,
				EC5049E41CAB0084000FB61D /* Struct.swift */,
				EC5049E51CAB0084000FB61D /* Sym.swift */,
				EC5049E61CAB0084000FB61D /* Syn.swift */,
				EC5049E71CAB0084000FB61D /* Type.swift */,
				EC5049E81CAB0084000FB61D /* TypeCtx.swift */,
				EC5049E91CAB0084000FB61D /* TypePar.swift */,
			);
			path = src;
			sourceTree = "<group>";
		};
		ECAE88FC1B69391F002AE9B9 = {
			isa = PBXGroup;
			children = (
				EC1FE8DF1B6BDEF100112BB0 /* qk */,
				EC1FE8E01B6BDEF900112BB0 /* qk-src */,
				EC5049C01CAB0084000FB61D /* src */,
				ECAE89061B69391F002AE9B9 /* Products */,
				EC6A7E761CAE02DE0040A320 /* _repro-lib.ploy */,
				EC6A7E751CAE02D70040A320 /* _repro.ploy */,
			);
			sourceTree = "<group>";
		};
		ECAE89061B69391F002AE9B9 /* Products */ = {
			isa = PBXGroup;
			children = (
				ECAE89051B69391F002AE9B9 /* ploy-swift */,
			);
			name = Products;
			sourceTree = "<group>";
		};
/* End PBXGroup section */

/* Begin PBXNativeTarget section */
		ECAE89041B69391F002AE9B9 /* ploy-swift */ = {
			isa = PBXNativeTarget;
			buildConfigurationList = ECAE890C1B69391F002AE9B9 /* Build configuration list for PBXNativeTarget "ploy-swift" */;
			buildPhases = (
				ECAE89011B69391F002AE9B9 /* Sources */,
				ECAE89021B69391F002AE9B9 /* Frameworks */,
				ECAE89031B69391F002AE9B9 /* CopyFiles */,
			);
			buildRules = (
			);
			dependencies = (
			);
			name = "ploy-swift";
			productName = "ploy-swift";
			productReference = ECAE89051B69391F002AE9B9 /* ploy-swift */;
			productType = "com.apple.product-type.tool";
		};
/* End PBXNativeTarget section */

/* Begin PBXProject section */
		ECAE88FD1B69391F002AE9B9 /* Project object */ = {
			isa = PBXProject;
			attributes = {
				LastUpgradeCheck = 0800;
				ORGANIZATIONNAME = gwk;
				TargetAttributes = {
					ECAE89041B69391F002AE9B9 = {
						CreatedOnToolsVersion = 7.0;
						LastSwiftMigration = 0800;
					};
				};
			};
			buildConfigurationList = ECAE89001B69391F002AE9B9 /* Build configuration list for PBXProject "ploy-swift" */;
			compatibilityVersion = "Xcode 6.3";
			developmentRegion = English;
			hasScannedForEncodings = 0;
			knownRegions = (
				en,
			);
			mainGroup = ECAE88FC1B69391F002AE9B9;
			productRefGroup = ECAE89061B69391F002AE9B9 /* Products */;
			projectDirPath = "";
			projectRoot = "";
			targets = (
				ECAE89041B69391F002AE9B9 /* ploy-swift */,
			);
		};
/* End PBXProject section */

/* Begin PBXSourcesBuildPhase section */
		ECAE89011B69391F002AE9B9 /* Sources */ = {
			isa = PBXSourcesBuildPhase;
			buildActionMask = 2147483647;
			files = (
				EC1FE8F21B6BE20C00112BB0 /* String.swift in Sources */,
				EC1FE8F11B6BE20C00112BB0 /* Sequence.swift in Sources */,
				EC504A041CAB0084000FB61D /* PolyFn.swift in Sources */,
				EC5049FF1CAB0084000FB61D /* main.swift in Sources */,
				EC504A091CAB0084000FB61D /* ScopeRecord.swift in Sources */,
				EC1FE8EB1B6BE20C00112BB0 /* Character.swift in Sources */,
				EC504A051CAB0084000FB61D /* Pos.swift in Sources */,
				EC504A121CAB0084000FB61D /* TypePar.swift in Sources */,
				EC4EB1FD1BE935E400B8ACD1 /* DuplicateErrors.swift in Sources */,
				EC4EB1F91BE833B100B8ACD1 /* Result.swift in Sources */,
				EC5049EE1CAB0084000FB61D /* Call.swift in Sources */,
				EC5049EF1CAB0084000FB61D /* Case.swift in Sources */,
				EC97D70D1B84F9A8001D9ABB /* Chain.swift in Sources */,
				EC5049F91CAB0084000FB61D /* HostVal.swift in Sources */,
				EC504A0A1CAB0084000FB61D /* Sig.swift in Sources */,
				EC1FE8F01B6BE20C00112BB0 /* Process.swift in Sources */,
				ECC68F911C1CA24D005168B0 /* Random.swift in Sources */,
				ECB639831B83CA3600138A8C /* fs.swift in Sources */,
				EC1FE8EA1B6BE20C00112BB0 /* Array.swift in Sources */,
				EC504A001CAB0084000FB61D /* Method.swift in Sources */,
				EC5049F61CAB0084000FB61D /* Fn.swift in Sources */,
				EC504A081CAB0084000FB61D /* Scope.swift in Sources */,
				EC5049F81CAB0084000FB61D /* HostType.swift in Sources */,
				EC5049FA1CAB0084000FB61D /* If.swift in Sources */,
				EC504A061CAB0084000FB61D /* Pub.swift in Sources */,
				ECA255811CAC15A3000DE171 /* Ref.swift in Sources */,
				EC5049EC1CAB0084000FB61D /* Arg.swift in Sources */,
				EC504A0C1CAB0084000FB61D /* Src.swift in Sources */,
				EC5049F21CAB0084000FB61D /* Do.swift in Sources */,
				EC4EB1FB1BE833D200B8ACD1 /* Set.swift in Sources */,
				EC5049FE1CAB0084000FB61D /* LocalScope.swift in Sources */,
				EC5049F11CAB0084000FB61D /* CmpdType.swift in Sources */,
				EC49BD3F1B7565E700660AF0 /* ArithmeticProtocol.swift in Sources */,
				EC5049F41CAB0084000FB61D /* Enum.swift in Sources */,
				EC504A021CAB0084000FB61D /* Paren.swift in Sources */,
				ECDA37151B7EB16200939000 /* File.swift in Sources */,
				EC1FE8ED1B6BE20C00112BB0 /* Dictionary.swift in Sources */,
				EC5049F71CAB0084000FB61D /* Form.swift in Sources */,
				EC1FE8EE1B6BE20C00112BB0 /* Int.swift in Sources */,
				EC504A071CAB0084000FB61D /* Reify.swift in Sources */,
				EC5049F51CAB0084000FB61D /* Expand.swift in Sources */,
				EC5049F31CAB0084000FB61D /* Emitter.swift in Sources */,
				EC5049FC1CAB0084000FB61D /* LitNum.swift in Sources */,
				EC5049EB1CAB0084000FB61D /* Ann.swift in Sources */,
				EC7F8F621BCED20700F6D684 /* Error.swift in Sources */,
				EC504A0B1CAB0084000FB61D /* Space.swift in Sources */,
				EC5049FD1CAB0084000FB61D /* LitStr.swift in Sources */,
				EC5049FB1CAB0084000FB61D /* In.swift in Sources */,
				EC504A0D1CAB0084000FB61D /* Struct.swift in Sources */,
				EC5049EA1CAB0084000FB61D /* Acc.swift in Sources */,
				EC504A011CAB0084000FB61D /* Par.swift in Sources */,
				EC504A141CAB0277000FB61D /* ArithmeticFloat.swift in Sources */,
				EC1FE8EC1B6BE20C00112BB0 /* Collection.swift in Sources */,
				EC504A0F1CAB0084000FB61D /* Syn.swift in Sources */,
				EC504A101CAB0084000FB61D /* Type.swift in Sources */,
				EC1FE8EF1B6BE20C00112BB0 /* Optional.swift in Sources */,
				EC504A0E1CAB0084000FB61D /* Sym.swift in Sources */,
				EC5049F01CAB0084000FB61D /* Cmpd.swift in Sources */,
				EC504A111CAB0084000FB61D /* TypeCtx.swift in Sources */,
				EC98DE831B7E277D00557D35 /* OutputStream.swift in Sources */,
				EC49BCFB1B750C3200660AF0 /* check.swift in Sources */,
				EC4EB1F71BE6815100B8ACD1 /* DefaultInitializable.swift in Sources */,
				EC5049ED1CAB0084000FB61D /* Bind.swift in Sources */,
				EC504A031CAB0084000FB61D /* Path.swift in Sources */,
				EC6EFA621C4478B0008D0266 /* DictOfSet.swift in Sources */,
			);
			runOnlyForDeploymentPostprocessing = 0;
		};
/* End PBXSourcesBuildPhase section */

/* Begin XCBuildConfiguration section */
		ECAE890A1B69391F002AE9B9 /* Debug */ = {
			isa = XCBuildConfiguration;
			buildSettings = {
				ALWAYS_SEARCH_USER_PATHS = NO;
				CLANG_ANALYZER_SECURITY_INSECUREAPI_RAND = YES;
				CLANG_ANALYZER_SECURITY_INSECUREAPI_STRCPY = YES;
				CLANG_ENABLE_MODULES = YES;
				CLANG_ENABLE_OBJC_ARC = YES;
				CLANG_WARN_ASSIGN_ENUM = YES;
				CLANG_WARN_BOOL_CONVERSION = YES;
				CLANG_WARN_CONSTANT_CONVERSION = YES;
				CLANG_WARN_DEPRECATED_OBJC_IMPLEMENTATIONS = YES;
				CLANG_WARN_DIRECT_OBJC_ISA_USAGE = YES_ERROR;
				CLANG_WARN_EMPTY_BODY = YES;
				CLANG_WARN_ENUM_CONVERSION = YES;
				CLANG_WARN_IMPLICIT_SIGN_CONVERSION = YES;
				CLANG_WARN_INT_CONVERSION = YES;
				CLANG_WARN_OBJC_EXPLICIT_OWNERSHIP_TYPE = YES;
				CLANG_WARN_OBJC_IMPLICIT_ATOMIC_PROPERTIES = YES;
				CLANG_WARN_OBJC_IMPLICIT_RETAIN_SELF = YES;
				CLANG_WARN_OBJC_REPEATED_USE_OF_WEAK = YES;
				CLANG_WARN_OBJC_ROOT_CLASS = YES_ERROR;
				CLANG_WARN_SUSPICIOUS_IMPLICIT_CONVERSION = YES;
				CLANG_WARN_UNREACHABLE_CODE = YES;
				CLANG_WARN__DUPLICATE_METHOD_MATCH = YES;
				COPY_PHASE_STRIP = NO;
				DEBUG_INFORMATION_FORMAT = dwarf;
				ENABLE_STRICT_OBJC_MSGSEND = YES;
				ENABLE_TESTABILITY = YES;
				GCC_NO_COMMON_BLOCKS = YES;
				GCC_OPTIMIZATION_LEVEL = 0;
				GCC_PREPROCESSOR_DEFINITIONS = (
					"DEBUG=1",
					"$(inherited)",
				);
				GCC_TREAT_INCOMPATIBLE_POINTER_TYPE_WARNINGS_AS_ERRORS = YES;
				GCC_WARN_64_TO_32_BIT_CONVERSION = YES;
				GCC_WARN_ABOUT_MISSING_FIELD_INITIALIZERS = YES;
				GCC_WARN_ABOUT_MISSING_NEWLINE = YES;
				GCC_WARN_ABOUT_RETURN_TYPE = YES_ERROR;
				GCC_WARN_FOUR_CHARACTER_CONSTANTS = YES;
				GCC_WARN_SHADOW = YES;
				GCC_WARN_SIGN_COMPARE = YES;
				GCC_WARN_UNDECLARED_SELECTOR = YES;
				GCC_WARN_UNINITIALIZED_AUTOS = YES_AGGRESSIVE;
				GCC_WARN_UNKNOWN_PRAGMAS = YES;
				GCC_WARN_UNUSED_FUNCTION = YES;
				GCC_WARN_UNUSED_LABEL = YES;
				GCC_WARN_UNUSED_VARIABLE = YES;
				MACOSX_DEPLOYMENT_TARGET = 10.10;
				ONLY_ACTIVE_ARCH = YES;
				SDKROOT = macosx;
				SWIFT_OPTIMIZATION_LEVEL = "-Onone";
			};
			name = Debug;
		};
		ECAE890B1B69391F002AE9B9 /* Release */ = {
			isa = XCBuildConfiguration;
			buildSettings = {
				ALWAYS_SEARCH_USER_PATHS = NO;
				CLANG_ANALYZER_SECURITY_INSECUREAPI_RAND = YES;
				CLANG_ANALYZER_SECURITY_INSECUREAPI_STRCPY = YES;
				CLANG_ENABLE_MODULES = YES;
				CLANG_ENABLE_OBJC_ARC = YES;
				CLANG_WARN_ASSIGN_ENUM = YES;
				CLANG_WARN_BOOL_CONVERSION = YES;
				CLANG_WARN_CONSTANT_CONVERSION = YES;
				CLANG_WARN_DEPRECATED_OBJC_IMPLEMENTATIONS = YES;
				CLANG_WARN_DIRECT_OBJC_ISA_USAGE = YES_ERROR;
				CLANG_WARN_EMPTY_BODY = YES;
				CLANG_WARN_ENUM_CONVERSION = YES;
				CLANG_WARN_IMPLICIT_SIGN_CONVERSION = YES;
				CLANG_WARN_INT_CONVERSION = YES;
				CLANG_WARN_OBJC_EXPLICIT_OWNERSHIP_TYPE = YES;
				CLANG_WARN_OBJC_IMPLICIT_ATOMIC_PROPERTIES = YES;
				CLANG_WARN_OBJC_IMPLICIT_RETAIN_SELF = YES;
				CLANG_WARN_OBJC_REPEATED_USE_OF_WEAK = YES;
				CLANG_WARN_OBJC_ROOT_CLASS = YES_ERROR;
				CLANG_WARN_SUSPICIOUS_IMPLICIT_CONVERSION = YES;
				CLANG_WARN_UNREACHABLE_CODE = YES;
				CLANG_WARN__DUPLICATE_METHOD_MATCH = YES;
				COPY_PHASE_STRIP = NO;
				DEBUG_INFORMATION_FORMAT = "dwarf-with-dsym";
				ENABLE_STRICT_OBJC_MSGSEND = YES;
				GCC_NO_COMMON_BLOCKS = YES;
				GCC_TREAT_INCOMPATIBLE_POINTER_TYPE_WARNINGS_AS_ERRORS = YES;
				GCC_WARN_64_TO_32_BIT_CONVERSION = YES;
				GCC_WARN_ABOUT_MISSING_FIELD_INITIALIZERS = YES;
				GCC_WARN_ABOUT_MISSING_NEWLINE = YES;
				GCC_WARN_ABOUT_RETURN_TYPE = YES_ERROR;
				GCC_WARN_FOUR_CHARACTER_CONSTANTS = YES;
				GCC_WARN_SHADOW = YES;
				GCC_WARN_SIGN_COMPARE = YES;
				GCC_WARN_UNDECLARED_SELECTOR = YES;
				GCC_WARN_UNINITIALIZED_AUTOS = YES_AGGRESSIVE;
				GCC_WARN_UNKNOWN_PRAGMAS = YES;
				GCC_WARN_UNUSED_FUNCTION = YES;
				GCC_WARN_UNUSED_LABEL = YES;
				GCC_WARN_UNUSED_VARIABLE = YES;
				MACOSX_DEPLOYMENT_TARGET = 10.10;
				SDKROOT = macosx;
			};
			name = Release;
		};
		ECAE890D1B69391F002AE9B9 /* Debug */ = {
			isa = XCBuildConfiguration;
			buildSettings = {
				PRODUCT_NAME = "$(TARGET_NAME)";
				SWIFT_VERSION = 3.0;
			};
			name = Debug;
		};
		ECAE890E1B69391F002AE9B9 /* Release */ = {
			isa = XCBuildConfiguration;
			buildSettings = {
				PRODUCT_NAME = "$(TARGET_NAME)";
				SWIFT_OPTIMIZATION_LEVEL = "-Owholemodule";
				SWIFT_VERSION = 3.0;
			};
			name = Release;
		};
/* End XCBuildConfiguration section */

/* Begin XCConfigurationList section */
		ECAE89001B69391F002AE9B9 /* Build configuration list for PBXProject "ploy-swift" */ = {
			isa = XCConfigurationList;
			buildConfigurations = (
				ECAE890A1B69391F002AE9B9 /* Debug */,
				ECAE890B1B69391F002AE9B9 /* Release */,
			);
			defaultConfigurationIsVisible = 0;
			defaultConfigurationName = Release;
		};
		ECAE890C1B69391F002AE9B9 /* Build configuration list for PBXNativeTarget "ploy-swift" */ = {
			isa = XCConfigurationList;
			buildConfigurations = (
				ECAE890D1B69391F002AE9B9 /* Debug */,
				ECAE890E1B69391F002AE9B9 /* Release */,
			);
			defaultConfigurationIsVisible = 0;
			defaultConfigurationName = Release;
		};
/* End XCConfigurationList section */
	};
	rootObject = ECAE88FD1B69391F002AE9B9 /* Project object */;
}
